
Microsoft Visual Studio Solution File, Format Version 12.00
# Visual Studio Version 16
VisualStudioVersion = 16.0.31605.320
MinimumVisualStudioVersion = 10.0.40219.1
Project("{FAE04EC0-301F-11D3-BF4B-00C04F79EFBC}") = "parallelprogrammingdemo", "parallelprogrammingdemo\parallelprogrammingdemo.csproj", "{78FECA39-66FD-4117-97BD-8FA39FDE0B99}"
EndProject
Project("{FAE04EC0-301F-11D3-BF4B-00C04F79EFBC}") = "parallelprogramming", "parallelprogramming\parallelprogramming.csproj", "{C161E923-BCEA-4EDD-87FD-53D7B2707A9E}"
EndProject
Project("{FAE04EC0-301F-11D3-BF4B-00C04F79EFBC}") = "ConsoleApp1", "ConsoleApp1\ConsoleApp1.csproj", "{F7294E12-15E9-48EB-8B92-4816A2AFE2EF}"
EndProject
Global
	GlobalSection(SolutionConfigurationPlatforms) = preSolution
		Debug|Any CPU = Debug|Any CPU
		Release|Any CPU = Release|Any CPU
	EndGlobalSection
	GlobalSection(ProjectConfigurationPlatforms) = postSolution
		{78FECA39-66FD-4117-97BD-8FA39FDE0B99}.Debug|Any CPU.ActiveCfg = Debug|Any CPU
		{78FECA39-66FD-4117-97BD-8FA39FDE0B99}.Debug|Any CPU.Build.0 = Debug|Any CPU
		{78FECA39-66FD-4117-97BD-8FA39FDE0B99}.Release|Any CPU.ActiveCfg = Release|Any CPU
		{78FECA39-66FD-4117-97BD-8FA39FDE0B99}.Release|Any CPU.Build.0 = Release|Any CPU
		{C161E923-BCEA-4EDD-87FD-53D7B2707A9E}.Debug|Any CPU.ActiveCfg = Debug|Any CPU
		{C161E923-BCEA-4EDD-87FD-53D7B2707A9E}.Debug|Any CPU.Build.0 = Debug|Any CPU
		{C161E923-BCEA-4EDD-87FD-53D7B2707A9E}.Release|Any CPU.ActiveCfg = Release|Any CPU
		{C161E923-BCEA-4EDD-87FD-53D7B2707A9E}.Release|Any CPU.Build.0 = Release|Any CPU
		{F7294E12-15E9-48EB-8B92-4816A2AFE2EF}.Debug|Any CPU.ActiveCfg = Debug|Any CPU
		{F7294E12-15E9-48EB-8B92-4816A2AFE2EF}.Debug|Any CPU.Build.0 = Debug|Any CPU
		{F7294E12-15E9-48EB-8B92-4816A2AFE2EF}.Release|Any CPU.ActiveCfg = Release|Any CPU
		{F7294E12-15E9-48EB-8B92-4816A2AFE2EF}.Release|Any CPU.Build.0 = Release|Any CPU
	EndGlobalSection
	GlobalSection(SolutionProperties) = preSolution
		HideSolutionNode = FALSE
	EndGlobalSection
	GlobalSection(ExtensibilityGlobals) = postSolution
		SolutionGuid = {4668806D-9510-4A04-9A1C-781918D98EB7}
	EndGlobalSection
EndGlobal
